
Microsoft Visual Studio Solution File, Format Version 12.00
# Visual Studio Version 17
VisualStudioVersion = 17.14.36518.9
MinimumVisualStudioVersion = 10.0.40219.1
Project("{2150E333-8FDC-42A3-9474-1A3956D46DE8}") = "src", "src", "{02EA681E-C7D8-13C7-8484-4AC65E1B71E8}"
EndProject
Project("{2150E333-8FDC-42A3-9474-1A3956D46DE8}") = "UI", "UI", "{F8E137BE-C149-444C-B796-816CD1BD0307}"
EndProject
Project("{2150E333-8FDC-42A3-9474-1A3956D46DE8}") = "Core", "Core", "{CE7C21F8-E782-4927-8331-2DF5447D1D55}"
EndProject
Project("{2150E333-8FDC-42A3-9474-1A3956D46DE8}") = "Infraestructure", "Infraestructure", "{4BF1FF1E-96DF-494E-97DD-CC1A93D804A4}"
EndProject
Project("{2150E333-8FDC-42A3-9474-1A3956D46DE8}") = "API", "API", "{0CFEF7F4-143F-42B8-B9DE-5BD047423DC6}"
EndProject
Project("{2150E333-8FDC-42A3-9474-1A3956D46DE8}") = "test", "test", "{F8CE8A6F-6FCC-408A-B851-8C02FA106B3A}"
EndProject
Project("{FAE04EC0-301F-11D3-BF4B-00C04F79EFBC}") = "HR.LeaveManagement.Application", "HR.LeaveManagement.Application\HR.LeaveManagement.Application.csproj", "{B9A7932B-5091-47FF-BDEE-FC0935D5E425}"
EndProject
Project("{FAE04EC0-301F-11D3-BF4B-00C04F79EFBC}") = "HR.LeaveManagement.Domain", "HR.LeaveManagement.Domain\HR.LeaveManagement.Domain.csproj", "{A3D15DD8-9D46-6683-585E-81E7B3F45DA4}"
EndProject
Project("{FAE04EC0-301F-11D3-BF4B-00C04F79EFBC}") = "HR.LeaveManagement.Persistence", "HR.LeaveManagement.Persistence\HR.LeaveManagement.Persistence.csproj", "{05D67636-027A-4DE9-B077-9263D8D685B5}"
EndProject
Project("{FAE04EC0-301F-11D3-BF4B-00C04F79EFBC}") = "HR.LeaveManagement.Infraestructure", "HR.LeaveManagement.Infraestructure\HR.LeaveManagement.Infraestructure.csproj", "{6A90ABB3-C935-4C44-95D1-C36458D5EDA5}"
EndProject
Project("{FAE04EC0-301F-11D3-BF4B-00C04F79EFBC}") = "HR.LeaveManagement.Api", "HR.LeaveManagement.Api\HR.LeaveManagement.Api.csproj", "{8762E006-649F-4746-9BA9-9F5754700B0E}"
EndProject
Project("{FAE04EC0-301F-11D3-BF4B-00C04F79EFBC}") = "HR.LeaveManagement.Application.UnitTests", "HR.LeaveManagement.Application.UnitTests\HR.LeaveManagement.Application.UnitTests.csproj", "{6364230F-6C00-4C2C-B1AC-C48477C3A062}"
EndProject
Global
	GlobalSection(SolutionConfigurationPlatforms) = preSolution
		Debug|Any CPU = Debug|Any CPU
		Release|Any CPU = Release|Any CPU
	EndGlobalSection
	GlobalSection(ProjectConfigurationPlatforms) = postSolution
		{B9A7932B-5091-47FF-BDEE-FC0935D5E425}.Debug|Any CPU.ActiveCfg = Debug|Any CPU
		{B9A7932B-5091-47FF-BDEE-FC0935D5E425}.Debug|Any CPU.Build.0 = Debug|Any CPU
		{B9A7932B-5091-47FF-BDEE-FC0935D5E425}.Release|Any CPU.ActiveCfg = Release|Any CPU
		{B9A7932B-5091-47FF-BDEE-FC0935D5E425}.Release|Any CPU.Build.0 = Release|Any CPU
		{A3D15DD8-9D46-6683-585E-81E7B3F45DA4}.Debug|Any CPU.ActiveCfg = Debug|Any CPU
		{A3D15DD8-9D46-6683-585E-81E7B3F45DA4}.Debug|Any CPU.Build.0 = Debug|Any CPU
		{A3D15DD8-9D46-6683-585E-81E7B3F45DA4}.Release|Any CPU.ActiveCfg = Release|Any CPU
		{A3D15DD8-9D46-6683-585E-81E7B3F45DA4}.Release|Any CPU.Build.0 = Release|Any CPU
		{05D67636-027A-4DE9-B077-9263D8D685B5}.Debug|Any CPU.ActiveCfg = Debug|Any CPU
		{05D67636-027A-4DE9-B077-9263D8D685B5}.Debug|Any CPU.Build.0 = Debug|Any CPU
		{05D67636-027A-4DE9-B077-9263D8D685B5}.Release|Any CPU.ActiveCfg = Release|Any CPU
		{05D67636-027A-4DE9-B077-9263D8D685B5}.Release|Any CPU.Build.0 = Release|Any CPU
		{6A90ABB3-C935-4C44-95D1-C36458D5EDA5}.Debug|Any CPU.ActiveCfg = Debug|Any CPU
		{6A90ABB3-C935-4C44-95D1-C36458D5EDA5}.Debug|Any CPU.Build.0 = Debug|Any CPU
		{6A90ABB3-C935-4C44-95D1-C36458D5EDA5}.Release|Any CPU.ActiveCfg = Release|Any CPU
		{6A90ABB3-C935-4C44-95D1-C36458D5EDA5}.Release|Any CPU.Build.0 = Release|Any CPU
		{8762E006-649F-4746-9BA9-9F5754700B0E}.Debug|Any CPU.ActiveCfg = Debug|Any CPU
		{8762E006-649F-4746-9BA9-9F5754700B0E}.Debug|Any CPU.Build.0 = Debug|Any CPU
		{8762E006-649F-4746-9BA9-9F5754700B0E}.Release|Any CPU.ActiveCfg = Release|Any CPU
		{8762E006-649F-4746-9BA9-9F5754700B0E}.Release|Any CPU.Build.0 = Release|Any CPU
		{6364230F-6C00-4C2C-B1AC-C48477C3A062}.Debug|Any CPU.ActiveCfg = Debug|Any CPU
		{6364230F-6C00-4C2C-B1AC-C48477C3A062}.Debug|Any CPU.Build.0 = Debug|Any CPU
		{6364230F-6C00-4C2C-B1AC-C48477C3A062}.Release|Any CPU.ActiveCfg = Release|Any CPU
		{6364230F-6C00-4C2C-B1AC-C48477C3A062}.Release|Any CPU.Build.0 = Release|Any CPU
	EndGlobalSection
	GlobalSection(SolutionProperties) = preSolution
		HideSolutionNode = FALSE
	EndGlobalSection
	GlobalSection(NestedProjects) = preSolution
		{F8E137BE-C149-444C-B796-816CD1BD0307} = {02EA681E-C7D8-13C7-8484-4AC65E1B71E8}
		{CE7C21F8-E782-4927-8331-2DF5447D1D55} = {02EA681E-C7D8-13C7-8484-4AC65E1B71E8}
		{4BF1FF1E-96DF-494E-97DD-CC1A93D804A4} = {02EA681E-C7D8-13C7-8484-4AC65E1B71E8}
		{0CFEF7F4-143F-42B8-B9DE-5BD047423DC6} = {02EA681E-C7D8-13C7-8484-4AC65E1B71E8}
		{B9A7932B-5091-47FF-BDEE-FC0935D5E425} = {CE7C21F8-E782-4927-8331-2DF5447D1D55}
		{A3D15DD8-9D46-6683-585E-81E7B3F45DA4} = {CE7C21F8-E782-4927-8331-2DF5447D1D55}
		{05D67636-027A-4DE9-B077-9263D8D685B5} = {4BF1FF1E-96DF-494E-97DD-CC1A93D804A4}
		{6A90ABB3-C935-4C44-95D1-C36458D5EDA5} = {4BF1FF1E-96DF-494E-97DD-CC1A93D804A4}
		{8762E006-649F-4746-9BA9-9F5754700B0E} = {0CFEF7F4-143F-42B8-B9DE-5BD047423DC6}
		{6364230F-6C00-4C2C-B1AC-C48477C3A062} = {F8CE8A6F-6FCC-408A-B851-8C02FA106B3A}
	EndGlobalSection
	GlobalSection(ExtensibilityGlobals) = postSolution
		SolutionGuid = {0352B3B6-282D-4353-B619-85A2C2825631}
	EndGlobalSection
EndGlobal
